// !$*UTF8*$!
{
	archiveVersion = 1;
	classes = {
	};
	objectVersion = 46;
	objects = {

/* Begin PBXBuildFile section */
		DC9D8D9374699333FB7C86A3 /* libPods-Haverford_Form.a in Frameworks */ = {isa = PBXBuildFile; fileRef = 3A9E09615D4FDAA6F3DAD8DF /* libPods-Haverford_Form.a */; };
		EE5757FA1C288A5900363B4A /* main.m in Sources */ = {isa = PBXBuildFile; fileRef = EE5757F91C288A5900363B4A /* main.m */; };
		EE5757FD1C288A5900363B4A /* AppDelegate.m in Sources */ = {isa = PBXBuildFile; fileRef = EE5757FC1C288A5900363B4A /* AppDelegate.m */; };
		EE5758031C288A5900363B4A /* Main.storyboard in Resources */ = {isa = PBXBuildFile; fileRef = EE5758011C288A5900363B4A /* Main.storyboard */; };
		EE5758061C288A5900363B4A /* Haverford_Form.xcdatamodeld in Sources */ = {isa = PBXBuildFile; fileRef = EE5758041C288A5900363B4A /* Haverford_Form.xcdatamodeld */; };
		EE5758081C288A5900363B4A /* Assets.xcassets in Resources */ = {isa = PBXBuildFile; fileRef = EE5758071C288A5900363B4A /* Assets.xcassets */; };
		EE57580B1C288A5900363B4A /* LaunchScreen.storyboard in Resources */ = {isa = PBXBuildFile; fileRef = EE5758091C288A5900363B4A /* LaunchScreen.storyboard */; };
		EE5758161C288A5900363B4A /* Haverford_FormTests.m in Sources */ = {isa = PBXBuildFile; fileRef = EE5758151C288A5900363B4A /* Haverford_FormTests.m */; };
		EE5758241C28932300363B4A /* MainViewController.m in Sources */ = {isa = PBXBuildFile; fileRef = EE5758231C28932300363B4A /* MainViewController.m */; };
		EE5758261C2893CC00363B4A /* MapKit.framework in Frameworks */ = {isa = PBXBuildFile; fileRef = EE5758251C2893CC00363B4A /* MapKit.framework */; };
		EE5758291C2894A500363B4A /* PlaceAnnotation.m in Sources */ = {isa = PBXBuildFile; fileRef = EE5758281C2894A500363B4A /* PlaceAnnotation.m */; };
		EE57582B1C28975700363B4A /* CoreLocation.framework in Frameworks */ = {isa = PBXBuildFile; fileRef = EE57582A1C28975700363B4A /* CoreLocation.framework */; };
		EE57582D1C289F8E00363B4A /* TestLocations.gpx in Resources */ = {isa = PBXBuildFile; fileRef = EE57582C1C289F8E00363B4A /* TestLocations.gpx */; };
		EE5758311C28F5E000363B4A /* ProfileViewController.m in Sources */ = {isa = PBXBuildFile; fileRef = EE5758301C28F5E000363B4A /* ProfileViewController.m */; };
		EE5758341C28FC1D00363B4A /* ProfileTableViewCell.xib in Resources */ = {isa = PBXBuildFile; fileRef = EE5758331C28FC1D00363B4A /* ProfileTableViewCell.xib */; };
		EE5758371C28FE1E00363B4A /* ProfileTableViewCell.m in Sources */ = {isa = PBXBuildFile; fileRef = EE5758361C28FE1E00363B4A /* ProfileTableViewCell.m */; };
		EE57583A1C299F1B00363B4A /* UserInformation.m in Sources */ = {isa = PBXBuildFile; fileRef = EE5758391C299F1B00363B4A /* UserInformation.m */; };
		EE57583C1C29AF2700363B4A /* GoogleService-Info.plist in Resources */ = {isa = PBXBuildFile; fileRef = EE57583B1C29AF2700363B4A /* GoogleService-Info.plist */; };
		EE57583F1C29D49100363B4A /* CheckOutViewController.m in Sources */ = {isa = PBXBuildFile; fileRef = EE57583E1C29D49100363B4A /* CheckOutViewController.m */; };
		EE5758441C2A01D400363B4A /* topbar.png in Resources */ = {isa = PBXBuildFile; fileRef = EE5758431C2A01D400363B4A /* topbar.png */; };
		EE5758471C2A3C5300363B4A /* ProfileEditViewController.m in Sources */ = {isa = PBXBuildFile; fileRef = EE5758461C2A3C5300363B4A /* ProfileEditViewController.m */; };
		EE5758491C2AE42B00363B4A /* Logo.jpg in Resources */ = {isa = PBXBuildFile; fileRef = EE5758481C2AE42B00363B4A /* Logo.jpg */; };
		EE57584C1C2AE70D00363B4A /* UIColor+Haverford.m in Sources */ = {isa = PBXBuildFile; fileRef = EE57584B1C2AE70D00363B4A /* UIColor+Haverford.m */; };
/* End PBXBuildFile section */

/* Begin PBXContainerItemProxy section */
		EE5758121C288A5900363B4A /* PBXContainerItemProxy */ = {
			isa = PBXContainerItemProxy;
			containerPortal = EE5757ED1C288A5900363B4A /* Project object */;
			proxyType = 1;
			remoteGlobalIDString = EE5757F41C288A5900363B4A;
			remoteInfo = Haverford_Form;
		};
/* End PBXContainerItemProxy section */

/* Begin PBXFileReference section */
		3A9E09615D4FDAA6F3DAD8DF /* libPods-Haverford_Form.a */ = {isa = PBXFileReference; explicitFileType = archive.ar; includeInIndex = 0; path = "libPods-Haverford_Form.a"; sourceTree = BUILT_PRODUCTS_DIR; };
		99FBE4454F464F4A1FFD7668 /* Pods-Haverford_Form.debug.xcconfig */ = {isa = PBXFileReference; includeInIndex = 1; lastKnownFileType = text.xcconfig; name = "Pods-Haverford_Form.debug.xcconfig"; path = "Pods/Target Support Files/Pods-Haverford_Form/Pods-Haverford_Form.debug.xcconfig"; sourceTree = "<group>"; };
		EE5757F51C288A5900363B4A /* Haverford_Form.app */ = {isa = PBXFileReference; explicitFileType = wrapper.application; includeInIndex = 0; path = Haverford_Form.app; sourceTree = BUILT_PRODUCTS_DIR; };
		EE5757F91C288A5900363B4A /* main.m */ = {isa = PBXFileReference; lastKnownFileType = sourcecode.c.objc; path = main.m; sourceTree = "<group>"; };
		EE5757FB1C288A5900363B4A /* AppDelegate.h */ = {isa = PBXFileReference; lastKnownFileType = sourcecode.c.h; path = AppDelegate.h; sourceTree = "<group>"; };
		EE5757FC1C288A5900363B4A /* AppDelegate.m */ = {isa = PBXFileReference; lastKnownFileType = sourcecode.c.objc; path = AppDelegate.m; sourceTree = "<group>"; };
		EE5758021C288A5900363B4A /* Base */ = {isa = PBXFileReference; lastKnownFileType = file.storyboard; name = Base; path = Base.lproj/Main.storyboard; sourceTree = "<group>"; };
		EE5758051C288A5900363B4A /* Haverford_Form.xcdatamodel */ = {isa = PBXFileReference; lastKnownFileType = wrapper.xcdatamodel; path = Haverford_Form.xcdatamodel; sourceTree = "<group>"; };
		EE5758071C288A5900363B4A /* Assets.xcassets */ = {isa = PBXFileReference; lastKnownFileType = folder.assetcatalog; path = Assets.xcassets; sourceTree = "<group>"; };
		EE57580A1C288A5900363B4A /* Base */ = {isa = PBXFileReference; lastKnownFileType = file.storyboard; name = Base; path = Base.lproj/LaunchScreen.storyboard; sourceTree = "<group>"; };
		EE57580C1C288A5900363B4A /* Info.plist */ = {isa = PBXFileReference; lastKnownFileType = text.plist.xml; path = Info.plist; sourceTree = "<group>"; };
		EE5758111C288A5900363B4A /* Haverford_FormTests.xctest */ = {isa = PBXFileReference; explicitFileType = wrapper.cfbundle; includeInIndex = 0; path = Haverford_FormTests.xctest; sourceTree = BUILT_PRODUCTS_DIR; };
		EE5758151C288A5900363B4A /* Haverford_FormTests.m */ = {isa = PBXFileReference; lastKnownFileType = sourcecode.c.objc; path = Haverford_FormTests.m; sourceTree = "<group>"; };
		EE5758171C288A5900363B4A /* Info.plist */ = {isa = PBXFileReference; lastKnownFileType = text.plist.xml; path = Info.plist; sourceTree = "<group>"; };
		EE5758221C28932300363B4A /* MainViewController.h */ = {isa = PBXFileReference; fileEncoding = 4; lastKnownFileType = sourcecode.c.h; path = MainViewController.h; sourceTree = "<group>"; };
		EE5758231C28932300363B4A /* MainViewController.m */ = {isa = PBXFileReference; fileEncoding = 4; lastKnownFileType = sourcecode.c.objc; path = MainViewController.m; sourceTree = "<group>"; };
		EE5758251C2893CC00363B4A /* MapKit.framework */ = {isa = PBXFileReference; lastKnownFileType = wrapper.framework; name = MapKit.framework; path = System/Library/Frameworks/MapKit.framework; sourceTree = SDKROOT; };
		EE5758271C2894A500363B4A /* PlaceAnnotation.h */ = {isa = PBXFileReference; fileEncoding = 4; lastKnownFileType = sourcecode.c.h; path = PlaceAnnotation.h; sourceTree = "<group>"; };
		EE5758281C2894A500363B4A /* PlaceAnnotation.m */ = {isa = PBXFileReference; fileEncoding = 4; lastKnownFileType = sourcecode.c.objc; path = PlaceAnnotation.m; sourceTree = "<group>"; };
		EE57582A1C28975700363B4A /* CoreLocation.framework */ = {isa = PBXFileReference; lastKnownFileType = wrapper.framework; name = CoreLocation.framework; path = System/Library/Frameworks/CoreLocation.framework; sourceTree = SDKROOT; };
		EE57582C1C289F8E00363B4A /* TestLocations.gpx */ = {isa = PBXFileReference; fileEncoding = 4; lastKnownFileType = text.xml; path = TestLocations.gpx; sourceTree = "<group>"; };
		EE57582F1C28F5E000363B4A /* ProfileViewController.h */ = {isa = PBXFileReference; fileEncoding = 4; lastKnownFileType = sourcecode.c.h; path = ProfileViewController.h; sourceTree = "<group>"; };
		EE5758301C28F5E000363B4A /* ProfileViewController.m */ = {isa = PBXFileReference; fileEncoding = 4; lastKnownFileType = sourcecode.c.objc; path = ProfileViewController.m; sourceTree = "<group>"; };
		EE5758331C28FC1D00363B4A /* ProfileTableViewCell.xib */ = {isa = PBXFileReference; fileEncoding = 4; lastKnownFileType = file.xib; path = ProfileTableViewCell.xib; sourceTree = "<group>"; };
		EE5758351C28FE1E00363B4A /* ProfileTableViewCell.h */ = {isa = PBXFileReference; fileEncoding = 4; lastKnownFileType = sourcecode.c.h; path = ProfileTableViewCell.h; sourceTree = "<group>"; };
		EE5758361C28FE1E00363B4A /* ProfileTableViewCell.m */ = {isa = PBXFileReference; fileEncoding = 4; lastKnownFileType = sourcecode.c.objc; path = ProfileTableViewCell.m; sourceTree = "<group>"; };
		EE5758381C299F1B00363B4A /* UserInformation.h */ = {isa = PBXFileReference; fileEncoding = 4; lastKnownFileType = sourcecode.c.h; path = UserInformation.h; sourceTree = "<group>"; };
		EE5758391C299F1B00363B4A /* UserInformation.m */ = {isa = PBXFileReference; fileEncoding = 4; lastKnownFileType = sourcecode.c.objc; path = UserInformation.m; sourceTree = "<group>"; };
		EE57583B1C29AF2700363B4A /* GoogleService-Info.plist */ = {isa = PBXFileReference; fileEncoding = 4; lastKnownFileType = text.plist.xml; path = "GoogleService-Info.plist"; sourceTree = "<group>"; };
		EE57583D1C29D49100363B4A /* CheckOutViewController.h */ = {isa = PBXFileReference; fileEncoding = 4; lastKnownFileType = sourcecode.c.h; path = CheckOutViewController.h; sourceTree = "<group>"; };
		EE57583E1C29D49100363B4A /* CheckOutViewController.m */ = {isa = PBXFileReference; fileEncoding = 4; lastKnownFileType = sourcecode.c.objc; path = CheckOutViewController.m; sourceTree = "<group>"; };
		EE5758431C2A01D400363B4A /* topbar.png */ = {isa = PBXFileReference; lastKnownFileType = image.png; path = topbar.png; sourceTree = "<group>"; };
		EE5758451C2A3C5300363B4A /* ProfileEditViewController.h */ = {isa = PBXFileReference; fileEncoding = 4; lastKnownFileType = sourcecode.c.h; path = ProfileEditViewController.h; sourceTree = "<group>"; };
		EE5758461C2A3C5300363B4A /* ProfileEditViewController.m */ = {isa = PBXFileReference; fileEncoding = 4; lastKnownFileType = sourcecode.c.objc; path = ProfileEditViewController.m; sourceTree = "<group>"; };
		EE5758481C2AE42B00363B4A /* Logo.jpg */ = {isa = PBXFileReference; lastKnownFileType = image.jpeg; path = Logo.jpg; sourceTree = "<group>"; };
		EE57584A1C2AE70D00363B4A /* UIColor+Haverford.h */ = {isa = PBXFileReference; fileEncoding = 4; lastKnownFileType = sourcecode.c.h; path = "UIColor+Haverford.h"; sourceTree = "<group>"; };
		EE57584B1C2AE70D00363B4A /* UIColor+Haverford.m */ = {isa = PBXFileReference; fileEncoding = 4; lastKnownFileType = sourcecode.c.objc; path = "UIColor+Haverford.m"; sourceTree = "<group>"; };
		FBF9B8A940C1A1660F04489E /* Pods-Haverford_Form.release.xcconfig */ = {isa = PBXFileReference; includeInIndex = 1; lastKnownFileType = text.xcconfig; name = "Pods-Haverford_Form.release.xcconfig"; path = "Pods/Target Support Files/Pods-Haverford_Form/Pods-Haverford_Form.release.xcconfig"; sourceTree = "<group>"; };
/* End PBXFileReference section */

/* Begin PBXFrameworksBuildPhase section */
		EE5757F21C288A5900363B4A /* Frameworks */ = {
			isa = PBXFrameworksBuildPhase;
			buildActionMask = 2147483647;
			files = (
				EE57582B1C28975700363B4A /* CoreLocation.framework in Frameworks */,
				EE5758261C2893CC00363B4A /* MapKit.framework in Frameworks */,
				DC9D8D9374699333FB7C86A3 /* libPods-Haverford_Form.a in Frameworks */,
			);
			runOnlyForDeploymentPostprocessing = 0;
		};
		EE57580E1C288A5900363B4A /* Frameworks */ = {
			isa = PBXFrameworksBuildPhase;
			buildActionMask = 2147483647;
			files = (
			);
			runOnlyForDeploymentPostprocessing = 0;
		};
/* End PBXFrameworksBuildPhase section */

/* Begin PBXGroup section */
		0E4739C5A0522BB3C57776D7 /* Pods */ = {
			isa = PBXGroup;
			children = (
				99FBE4454F464F4A1FFD7668 /* Pods-Haverford_Form.debug.xcconfig */,
				FBF9B8A940C1A1660F04489E /* Pods-Haverford_Form.release.xcconfig */,
			);
			name = Pods;
			sourceTree = "<group>";
		};
		20F7A86FDECBC95B8D187B04 /* Frameworks */ = {
			isa = PBXGroup;
			children = (
				EE57582A1C28975700363B4A /* CoreLocation.framework */,
				EE5758251C2893CC00363B4A /* MapKit.framework */,
				3A9E09615D4FDAA6F3DAD8DF /* libPods-Haverford_Form.a */,
			);
			name = Frameworks;
			sourceTree = "<group>";
		};
		EE5757EC1C288A5900363B4A = {
			isa = PBXGroup;
			children = (
				EE5757F71C288A5900363B4A /* Haverford_Form */,
				EE5758141C288A5900363B4A /* Haverford_FormTests */,
				EE5757F61C288A5900363B4A /* Products */,
				0E4739C5A0522BB3C57776D7 /* Pods */,
				20F7A86FDECBC95B8D187B04 /* Frameworks */,
			);
			sourceTree = "<group>";
		};
		EE5757F61C288A5900363B4A /* Products */ = {
			isa = PBXGroup;
			children = (
				EE5757F51C288A5900363B4A /* Haverford_Form.app */,
				EE5758111C288A5900363B4A /* Haverford_FormTests.xctest */,
			);
			name = Products;
			sourceTree = "<group>";
		};
		EE5757F71C288A5900363B4A /* Haverford_Form */ = {
			isa = PBXGroup;
			children = (
				EE5758401C2A017000363B4A /* photos */,
				EE5758321C28FBFA00363B4A /* view */,
				EE5758211C288DC600363B4A /* model */,
				EE5758201C288DB600363B4A /* controller */,
				EE5757FB1C288A5900363B4A /* AppDelegate.h */,
				EE5757FC1C288A5900363B4A /* AppDelegate.m */,
				EE5758011C288A5900363B4A /* Main.storyboard */,
				EE5758071C288A5900363B4A /* Assets.xcassets */,
				EE5758091C288A5900363B4A /* LaunchScreen.storyboard */,
				EE57580C1C288A5900363B4A /* Info.plist */,
				EE57583B1C29AF2700363B4A /* GoogleService-Info.plist */,
				EE5758041C288A5900363B4A /* Haverford_Form.xcdatamodeld */,
				EE5757F81C288A5900363B4A /* Supporting Files */,
			);
			path = Haverford_Form;
			sourceTree = "<group>";
		};
		EE5757F81C288A5900363B4A /* Supporting Files */ = {
			isa = PBXGroup;
			children = (
				EE57582C1C289F8E00363B4A /* TestLocations.gpx */,
				EE5757F91C288A5900363B4A /* main.m */,
			);
			name = "Supporting Files";
			sourceTree = "<group>";
		};
		EE5758141C288A5900363B4A /* Haverford_FormTests */ = {
			isa = PBXGroup;
			children = (
				EE5758151C288A5900363B4A /* Haverford_FormTests.m */,
				EE5758171C288A5900363B4A /* Info.plist */,
			);
			path = Haverford_FormTests;
			sourceTree = "<group>";
		};
		EE5758201C288DB600363B4A /* controller */ = {
			isa = PBXGroup;
			children = (
				EE5758221C28932300363B4A /* MainViewController.h */,
				EE5758231C28932300363B4A /* MainViewController.m */,
				EE57582F1C28F5E000363B4A /* ProfileViewController.h */,
				EE5758301C28F5E000363B4A /* ProfileViewController.m */,
				EE57583D1C29D49100363B4A /* CheckOutViewController.h */,
				EE57583E1C29D49100363B4A /* CheckOutViewController.m */,
				EE5758451C2A3C5300363B4A /* ProfileEditViewController.h */,
				EE5758461C2A3C5300363B4A /* ProfileEditViewController.m */,
			);
			name = controller;
			sourceTree = "<group>";
		};
		EE5758211C288DC600363B4A /* model */ = {
			isa = PBXGroup;
			children = (
				EE5758271C2894A500363B4A /* PlaceAnnotation.h */,
				EE5758281C2894A500363B4A /* PlaceAnnotation.m */,
				EE5758381C299F1B00363B4A /* UserInformation.h */,
				EE5758391C299F1B00363B4A /* UserInformation.m */,
			);
			name = model;
			sourceTree = "<group>";
		};
		EE5758321C28FBFA00363B4A /* view */ = {
			isa = PBXGroup;
			children = (
				EE5758331C28FC1D00363B4A /* ProfileTableViewCell.xib */,
				EE5758351C28FE1E00363B4A /* ProfileTableViewCell.h */,
				EE5758361C28FE1E00363B4A /* ProfileTableViewCell.m */,
				EE57584A1C2AE70D00363B4A /* UIColor+Haverford.h */,
				EE57584B1C2AE70D00363B4A /* UIColor+Haverford.m */,
			);
			name = view;
			sourceTree = "<group>";
		};
		EE5758401C2A017000363B4A /* photos */ = {
			isa = PBXGroup;
			children = (
				EE5758481C2AE42B00363B4A /* Logo.jpg */,
				EE5758431C2A01D400363B4A /* topbar.png */,
			);
			name = photos;
			sourceTree = "<group>";
		};
/* End PBXGroup section */

/* Begin PBXNativeTarget section */
		EE5757F41C288A5900363B4A /* Haverford_Form */ = {
			isa = PBXNativeTarget;
			buildConfigurationList = EE57581A1C288A5900363B4A /* Build configuration list for PBXNativeTarget "Haverford_Form" */;
			buildPhases = (
				E9793693D27987688BF4F84D /* Check Pods Manifest.lock */,
				EE5757F11C288A5900363B4A /* Sources */,
				EE5757F21C288A5900363B4A /* Frameworks */,
				EE5757F31C288A5900363B4A /* Resources */,
				F7926B9379B748D46C94B126 /* Embed Pods Frameworks */,
				48AE721CC47C0B41E2729FBE /* Copy Pods Resources */,
			);
			buildRules = (
			);
			dependencies = (
			);
			name = Haverford_Form;
			productName = Haverford_Form;
			productReference = EE5757F51C288A5900363B4A /* Haverford_Form.app */;
			productType = "com.apple.product-type.application";
		};
		EE5758101C288A5900363B4A /* Haverford_FormTests */ = {
			isa = PBXNativeTarget;
			buildConfigurationList = EE57581D1C288A5900363B4A /* Build configuration list for PBXNativeTarget "Haverford_FormTests" */;
			buildPhases = (
				EE57580D1C288A5900363B4A /* Sources */,
				EE57580E1C288A5900363B4A /* Frameworks */,
				EE57580F1C288A5900363B4A /* Resources */,
			);
			buildRules = (
			);
			dependencies = (
				EE5758131C288A5900363B4A /* PBXTargetDependency */,
			);
			name = Haverford_FormTests;
			productName = Haverford_FormTests;
			productReference = EE5758111C288A5900363B4A /* Haverford_FormTests.xctest */;
			productType = "com.apple.product-type.bundle.unit-test";
		};
/* End PBXNativeTarget section */

/* Begin PBXProject section */
		EE5757ED1C288A5900363B4A /* Project object */ = {
			isa = PBXProject;
			attributes = {
				LastUpgradeCheck = 0720;
				ORGANIZATIONNAME = softwaremerchant;
				TargetAttributes = {
					EE5757F41C288A5900363B4A = {
						CreatedOnToolsVersion = 7.2;
						DevelopmentTeam = KKX8KEUZ6R;
					};
					EE5758101C288A5900363B4A = {
						CreatedOnToolsVersion = 7.2;
						TestTargetID = EE5757F41C288A5900363B4A;
					};
				};
			};
			buildConfigurationList = EE5757F01C288A5900363B4A /* Build configuration list for PBXProject "Haverford_Form" */;
			compatibilityVersion = "Xcode 3.2";
			developmentRegion = English;
			hasScannedForEncodings = 0;
			knownRegions = (
				en,
				Base,
			);
			mainGroup = EE5757EC1C288A5900363B4A;
			productRefGroup = EE5757F61C288A5900363B4A /* Products */;
			projectDirPath = "";
			projectRoot = "";
			targets = (
				EE5757F41C288A5900363B4A /* Haverford_Form */,
				EE5758101C288A5900363B4A /* Haverford_FormTests */,
			);
		};
/* End PBXProject section */

/* Begin PBXResourcesBuildPhase section */
		EE5757F31C288A5900363B4A /* Resources */ = {
			isa = PBXResourcesBuildPhase;
			buildActionMask = 2147483647;
			files = (
				EE5758491C2AE42B00363B4A /* Logo.jpg in Resources */,
				EE57580B1C288A5900363B4A /* LaunchScreen.storyboard in Resources */,
				EE57583C1C29AF2700363B4A /* GoogleService-Info.plist in Resources */,
				EE5758081C288A5900363B4A /* Assets.xcassets in Resources */,
				EE57582D1C289F8E00363B4A /* TestLocations.gpx in Resources */,
				EE5758031C288A5900363B4A /* Main.storyboard in Resources */,
				EE5758441C2A01D400363B4A /* topbar.png in Resources */,
				EE5758341C28FC1D00363B4A /* ProfileTableViewCell.xib in Resources */,
			);
			runOnlyForDeploymentPostprocessing = 0;
		};
		EE57580F1C288A5900363B4A /* Resources */ = {
			isa = PBXResourcesBuildPhase;
			buildActionMask = 2147483647;
			files = (
			);
			runOnlyForDeploymentPostprocessing = 0;
		};
/* End PBXResourcesBuildPhase section */

/* Begin PBXShellScriptBuildPhase section */
		48AE721CC47C0B41E2729FBE /* Copy Pods Resources */ = {
			isa = PBXShellScriptBuildPhase;
			buildActionMask = 2147483647;
			files = (
			);
			inputPaths = (
			);
			name = "Copy Pods Resources";
			outputPaths = (
			);
			runOnlyForDeploymentPostprocessing = 0;
			shellPath = /bin/sh;
			shellScript = "\"${SRCROOT}/Pods/Target Support Files/Pods-Haverford_Form/Pods-Haverford_Form-resources.sh\"\n";
			showEnvVarsInLog = 0;
		};
		E9793693D27987688BF4F84D /* Check Pods Manifest.lock */ = {
			isa = PBXShellScriptBuildPhase;
			buildActionMask = 2147483647;
			files = (
			);
			inputPaths = (
			);
			name = "Check Pods Manifest.lock";
			outputPaths = (
			);
			runOnlyForDeploymentPostprocessing = 0;
			shellPath = /bin/sh;
			shellScript = "diff \"${PODS_ROOT}/../Podfile.lock\" \"${PODS_ROOT}/Manifest.lock\" > /dev/null\nif [[ $? != 0 ]] ; then\n    cat << EOM\nerror: The sandbox is not in sync with the Podfile.lock. Run 'pod install' or update your CocoaPods installation.\nEOM\n    exit 1\nfi\n";
			showEnvVarsInLog = 0;
		};
		F7926B9379B748D46C94B126 /* Embed Pods Frameworks */ = {
			isa = PBXShellScriptBuildPhase;
			buildActionMask = 2147483647;
			files = (
			);
			inputPaths = (
			);
			name = "Embed Pods Frameworks";
			outputPaths = (
			);
			runOnlyForDeploymentPostprocessing = 0;
			shellPath = /bin/sh;
			shellScript = "\"${SRCROOT}/Pods/Target Support Files/Pods-Haverford_Form/Pods-Haverford_Form-frameworks.sh\"\n";
			showEnvVarsInLog = 0;
		};
/* End PBXShellScriptBuildPhase section */

/* Begin PBXSourcesBuildPhase section */
		EE5757F11C288A5900363B4A /* Sources */ = {
			isa = PBXSourcesBuildPhase;
			buildActionMask = 2147483647;
			files = (
				EE57583F1C29D49100363B4A /* CheckOutViewController.m in Sources */,
				EE5757FD1C288A5900363B4A /* AppDelegate.m in Sources */,
				EE57584C1C2AE70D00363B4A /* UIColor+Haverford.m in Sources */,
				EE57583A1C299F1B00363B4A /* UserInformation.m in Sources */,
				EE5757FA1C288A5900363B4A /* main.m in Sources */,
				EE5758371C28FE1E00363B4A /* ProfileTableViewCell.m in Sources */,
				EE5758241C28932300363B4A /* MainViewController.m in Sources */,
				EE5758471C2A3C5300363B4A /* ProfileEditViewController.m in Sources */,
				EE5758291C2894A500363B4A /* PlaceAnnotation.m in Sources */,
				EE5758311C28F5E000363B4A /* ProfileViewController.m in Sources */,
				EE5758061C288A5900363B4A /* Haverford_Form.xcdatamodeld in Sources */,
			);
			runOnlyForDeploymentPostprocessing = 0;
		};
		EE57580D1C288A5900363B4A /* Sources */ = {
			isa = PBXSourcesBuildPhase;
			buildActionMask = 2147483647;
			files = (
				EE5758161C288A5900363B4A /* Haverford_FormTests.m in Sources */,
			);
			runOnlyForDeploymentPostprocessing = 0;
		};
/* End PBXSourcesBuildPhase section */

/* Begin PBXTargetDependency section */
		EE5758131C288A5900363B4A /* PBXTargetDependency */ = {
			isa = PBXTargetDependency;
			target = EE5757F41C288A5900363B4A /* Haverford_Form */;
			targetProxy = EE5758121C288A5900363B4A /* PBXContainerItemProxy */;
		};
/* End PBXTargetDependency section */

/* Begin PBXVariantGroup section */
		EE5758011C288A5900363B4A /* Main.storyboard */ = {
			isa = PBXVariantGroup;
			children = (
				EE5758021C288A5900363B4A /* Base */,
			);
			name = Main.storyboard;
			sourceTree = "<group>";
		};
		EE5758091C288A5900363B4A /* LaunchScreen.storyboard */ = {
			isa = PBXVariantGroup;
			children = (
				EE57580A1C288A5900363B4A /* Base */,
			);
			name = LaunchScreen.storyboard;
			sourceTree = "<group>";
		};
/* End PBXVariantGroup section */

/* Begin XCBuildConfiguration section */
		EE5758181C288A5900363B4A /* Debug */ = {
			isa = XCBuildConfiguration;
			buildSettings = {
				ALWAYS_SEARCH_USER_PATHS = NO;
				CLANG_CXX_LANGUAGE_STANDARD = "gnu++0x";
				CLANG_CXX_LIBRARY = "libc++";
				CLANG_ENABLE_MODULES = YES;
				CLANG_ENABLE_OBJC_ARC = YES;
				CLANG_WARN_BOOL_CONVERSION = YES;
				CLANG_WARN_CONSTANT_CONVERSION = YES;
				CLANG_WARN_DIRECT_OBJC_ISA_USAGE = YES_ERROR;
				CLANG_WARN_EMPTY_BODY = YES;
				CLANG_WARN_ENUM_CONVERSION = YES;
				CLANG_WARN_INT_CONVERSION = YES;
				CLANG_WARN_OBJC_ROOT_CLASS = YES_ERROR;
				CLANG_WARN_UNREACHABLE_CODE = YES;
				CLANG_WARN__DUPLICATE_METHOD_MATCH = YES;
				"CODE_SIGN_IDENTITY[sdk=iphoneos*]" = "iPhone Developer";
				COPY_PHASE_STRIP = NO;
				DEBUG_INFORMATION_FORMAT = dwarf;
				ENABLE_STRICT_OBJC_MSGSEND = YES;
				ENABLE_TESTABILITY = YES;
				GCC_C_LANGUAGE_STANDARD = gnu99;
				GCC_DYNAMIC_NO_PIC = NO;
				GCC_NO_COMMON_BLOCKS = YES;
				GCC_OPTIMIZATION_LEVEL = 0;
				GCC_PREPROCESSOR_DEFINITIONS = (
					"DEBUG=1",
					"$(inherited)",
				);
				GCC_WARN_64_TO_32_BIT_CONVERSION = YES;
				GCC_WARN_ABOUT_RETURN_TYPE = YES_ERROR;
				GCC_WARN_UNDECLARED_SELECTOR = YES;
				GCC_WARN_UNINITIALIZED_AUTOS = YES_AGGRESSIVE;
				GCC_WARN_UNUSED_FUNCTION = YES;
				GCC_WARN_UNUSED_VARIABLE = YES;
				IPHONEOS_DEPLOYMENT_TARGET = 9.2;
				MTL_ENABLE_DEBUG_INFO = YES;
				ONLY_ACTIVE_ARCH = YES;
				SDKROOT = iphoneos;
			};
			name = Debug;
		};
		EE5758191C288A5900363B4A /* Release */ = {
			isa = XCBuildConfiguration;
			buildSettings = {
				ALWAYS_SEARCH_USER_PATHS = NO;
				CLANG_CXX_LANGUAGE_STANDARD = "gnu++0x";
				CLANG_CXX_LIBRARY = "libc++";
				CLANG_ENABLE_MODULES = YES;
				CLANG_ENABLE_OBJC_ARC = YES;
				CLANG_WARN_BOOL_CONVERSION = YES;
				CLANG_WARN_CONSTANT_CONVERSION = YES;
				CLANG_WARN_DIRECT_OBJC_ISA_USAGE = YES_ERROR;
				CLANG_WARN_EMPTY_BODY = YES;
				CLANG_WARN_ENUM_CONVERSION = YES;
				CLANG_WARN_INT_CONVERSION = YES;
				CLANG_WARN_OBJC_ROOT_CLASS = YES_ERROR;
				CLANG_WARN_UNREACHABLE_CODE = YES;
				CLANG_WARN__DUPLICATE_METHOD_MATCH = YES;
				"CODE_SIGN_IDENTITY[sdk=iphoneos*]" = "iPhone Developer";
				COPY_PHASE_STRIP = NO;
				DEBUG_INFORMATION_FORMAT = "dwarf-with-dsym";
				ENABLE_NS_ASSERTIONS = NO;
				ENABLE_STRICT_OBJC_MSGSEND = YES;
				GCC_C_LANGUAGE_STANDARD = gnu99;
				GCC_NO_COMMON_BLOCKS = YES;
				GCC_WARN_64_TO_32_BIT_CONVERSION = YES;
				GCC_WARN_ABOUT_RETURN_TYPE = YES_ERROR;
				GCC_WARN_UNDECLARED_SELECTOR = YES;
				GCC_WARN_UNINITIALIZED_AUTOS = YES_AGGRESSIVE;
				GCC_WARN_UNUSED_FUNCTION = YES;
				GCC_WARN_UNUSED_VARIABLE = YES;
				IPHONEOS_DEPLOYMENT_TARGET = 9.2;
				MTL_ENABLE_DEBUG_INFO = NO;
				SDKROOT = iphoneos;
				VALIDATE_PRODUCT = YES;
			};
			name = Release;
		};
		EE57581B1C288A5900363B4A /* Debug */ = {
			isa = XCBuildConfiguration;
			baseConfigurationReference = 99FBE4454F464F4A1FFD7668 /* Pods-Haverford_Form.debug.xcconfig */;
			buildSettings = {
				ASSETCATALOG_COMPILER_APPICON_NAME = AppIcon;
				CODE_SIGN_IDENTITY = "iPhone Developer";
				ENABLE_BITCODE = NO;
				INFOPLIST_FILE = Haverford_Form/Info.plist;
				LD_RUNPATH_SEARCH_PATHS = "$(inherited) @executable_path/Frameworks";
				PRODUCT_BUNDLE_IDENTIFIER = "com.softwaremerchant.Haverford-Form";
				PRODUCT_NAME = "$(TARGET_NAME)";
			};
			name = Debug;
		};
		EE57581C1C288A5900363B4A /* Release */ = {
			isa = XCBuildConfiguration;
			baseConfigurationReference = FBF9B8A940C1A1660F04489E /* Pods-Haverford_Form.release.xcconfig */;
			buildSettings = {
				ASSETCATALOG_COMPILER_APPICON_NAME = AppIcon;
				CODE_SIGN_IDENTITY = "iPhone Developer";
				ENABLE_BITCODE = NO;
				INFOPLIST_FILE = Haverford_Form/Info.plist;
				LD_RUNPATH_SEARCH_PATHS = "$(inherited) @executable_path/Frameworks";
				PRODUCT_BUNDLE_IDENTIFIER = "com.softwaremerchant.Haverford-Form";
				PRODUCT_NAME = "$(TARGET_NAME)";
			};
			name = Release;
		};
		EE57581E1C288A5900363B4A /* Debug */ = {
			isa = XCBuildConfiguration;
			buildSettings = {
				BUNDLE_LOADER = "$(TEST_HOST)";
				INFOPLIST_FILE = Haverford_FormTests/Info.plist;
				LD_RUNPATH_SEARCH_PATHS = "$(inherited) @executable_path/Frameworks @loader_path/Frameworks";
				PRODUCT_BUNDLE_IDENTIFIER = "com.softwaremerchant.Haverford-FormTests";
				PRODUCT_NAME = "$(TARGET_NAME)";
				TEST_HOST = "$(BUILT_PRODUCTS_DIR)/Haverford_Form.app/Haverford_Form";
			};
			name = Debug;
		};
		EE57581F1C288A5900363B4A /* Release */ = {
			isa = XCBuildConfiguration;
			buildSettings = {
				BUNDLE_LOADER = "$(TEST_HOST)";
				INFOPLIST_FILE = Haverford_FormTests/Info.plist;
				LD_RUNPATH_SEARCH_PATHS = "$(inherited) @executable_path/Frameworks @loader_path/Frameworks";
				PRODUCT_BUNDLE_IDENTIFIER = "com.softwaremerchant.Haverford-FormTests";
				PRODUCT_NAME = "$(TARGET_NAME)";
				TEST_HOST = "$(BUILT_PRODUCTS_DIR)/Haverford_Form.app/Haverford_Form";
			};
			name = Release;
		};
/* End XCBuildConfiguration section */

/* Begin XCConfigurationList section */
		EE5757F01C288A5900363B4A /* Build configuration list for PBXProject "Haverford_Form" */ = {
			isa = XCConfigurationList;
			buildConfigurations = (
				EE5758181C288A5900363B4A /* Debug */,
				EE5758191C288A5900363B4A /* Release */,
			);
			defaultConfigurationIsVisible = 0;
			defaultConfigurationName = Release;
		};
		EE57581A1C288A5900363B4A /* Build configuration list for PBXNativeTarget "Haverford_Form" */ = {
			isa = XCConfigurationList;
			buildConfigurations = (
				EE57581B1C288A5900363B4A /* Debug */,
				EE57581C1C288A5900363B4A /* Release */,
			);
			defaultConfigurationIsVisible = 0;
			defaultConfigurationName = Release;
		};
		EE57581D1C288A5900363B4A /* Build configuration list for PBXNativeTarget "Haverford_FormTests" */ = {
			isa = XCConfigurationList;
			buildConfigurations = (
				EE57581E1C288A5900363B4A /* Debug */,
				EE57581F1C288A5900363B4A /* Release */,
			);
			defaultConfigurationIsVisible = 0;
			defaultConfigurationName = Release;
		};
/* End XCConfigurationList section */

/* Begin XCVersionGroup section */
		EE5758041C288A5900363B4A /* Haverford_Form.xcdatamodeld */ = {
			isa = XCVersionGroup;
			children = (
				EE5758051C288A5900363B4A /* Haverford_Form.xcdatamodel */,
			);
			currentVersion = EE5758051C288A5900363B4A /* Haverford_Form.xcdatamodel */;
			path = Haverford_Form.xcdatamodeld;
			sourceTree = "<group>";
			versionGroupType = wrapper.xcdatamodel;
		};
/* End XCVersionGroup section */
	};
	rootObject = EE5757ED1C288A5900363B4A /* Project object */;
}
